
Microsoft Visual Studio Solution File, Format Version 12.00
# Visual Studio Version 16
VisualStudioVersion = 16.0.32106.194
MinimumVisualStudioVersion = 10.0.40219.1
Project("{FAE04EC0-301F-11D3-BF4B-00C04F79EFBC}") = "Area of Circle", "Area of Circle\Area of Circle.csproj", "{C56DCFC7-7530-419C-9DB6-FF7FE7637F4F}"
EndProject
Global
	GlobalSection(SolutionConfigurationPlatforms) = preSolution
		Debug|Any CPU = Debug|Any CPU
		Release|Any CPU = Release|Any CPU
	EndGlobalSection
	GlobalSection(ProjectConfigurationPlatforms) = postSolution
		{C56DCFC7-7530-419C-9DB6-FF7FE7637F4F}.Debug|Any CPU.ActiveCfg = Debug|Any CPU
		{C56DCFC7-7530-419C-9DB6-FF7FE7637F4F}.Debug|Any CPU.Build.0 = Debug|Any CPU
		{C56DCFC7-7530-419C-9DB6-FF7FE7637F4F}.Release|Any CPU.ActiveCfg = Release|Any CPU
		{C56DCFC7-7530-419C-9DB6-FF7FE7637F4F}.Release|Any CPU.Build.0 = Release|Any CPU
	EndGlobalSection
	GlobalSection(SolutionProperties) = preSolution
		HideSolutionNode = FALSE
	EndGlobalSection
	GlobalSection(ExtensibilityGlobals) = postSolution
		SolutionGuid = {CCE1EDCE-D6B1-45F0-99C1-2DFD03789C12}
	EndGlobalSection
EndGlobal
